// !$*UTF8*$!
{
	archiveVersion = 1;
	classes = {
	};
	objectVersion = 50;
	objects = {

/* Begin PBXBuildFile section */
		A8D8733C2617B9A500177CB5 /* AppDelegate.swift in Sources */ = {isa = PBXBuildFile; fileRef = A8D8733B2617B9A500177CB5 /* AppDelegate.swift */; };
		A8D8733E2617B9A500177CB5 /* SceneDelegate.swift in Sources */ = {isa = PBXBuildFile; fileRef = A8D8733D2617B9A500177CB5 /* SceneDelegate.swift */; };
		A8D873402617B9A600177CB5 /* ContentView.swift in Sources */ = {isa = PBXBuildFile; fileRef = A8D8733F2617B9A600177CB5 /* ContentView.swift */; };
		A8D873422617B9A800177CB5 /* Assets.xcassets in Resources */ = {isa = PBXBuildFile; fileRef = A8D873412617B9A800177CB5 /* Assets.xcassets */; };
		A8D873452617B9A800177CB5 /* Preview Assets.xcassets in Resources */ = {isa = PBXBuildFile; fileRef = A8D873442617B9A800177CB5 /* Preview Assets.xcassets */; };
		A8D873482617B9A800177CB5 /* LaunchScreen.storyboard in Resources */ = {isa = PBXBuildFile; fileRef = A8D873462617B9A800177CB5 /* LaunchScreen.storyboard */; };
		A8D873532617B9A900177CB5 /* HelloTests.swift in Sources */ = {isa = PBXBuildFile; fileRef = A8D873522617B9A900177CB5 /* HelloTests.swift */; };
		A8D8735E2617B9A900177CB5 /* HelloUITests.swift in Sources */ = {isa = PBXBuildFile; fileRef = A8D8735D2617B9A900177CB5 /* HelloUITests.swift */; };
/* End PBXBuildFile section */

/* Begin PBXContainerItemProxy section */
		A8D8734F2617B9A900177CB5 /* PBXContainerItemProxy */ = {
			isa = PBXContainerItemProxy;
			containerPortal = A8D873302617B9A500177CB5 /* Project object */;
			proxyType = 1;
			remoteGlobalIDString = A8D873372617B9A500177CB5;
			remoteInfo = Hello;
		};
		A8D8735A2617B9A900177CB5 /* PBXContainerItemProxy */ = {
			isa = PBXContainerItemProxy;
			containerPortal = A8D873302617B9A500177CB5 /* Project object */;
			proxyType = 1;
			remoteGlobalIDString = A8D873372617B9A500177CB5;
			remoteInfo = Hello;
		};
/* End PBXContainerItemProxy section */

/* Begin PBXFileReference section */
		A8D873382617B9A500177CB5 /* Hello.app */ = {isa = PBXFileReference; explicitFileType = wrapper.application; includeInIndex = 0; path = Hello.app; sourceTree = BUILT_PRODUCTS_DIR; };
		A8D8733B2617B9A500177CB5 /* AppDelegate.swift */ = {isa = PBXFileReference; lastKnownFileType = sourcecode.swift; path = AppDelegate.swift; sourceTree = "<group>"; };
		A8D8733D2617B9A500177CB5 /* SceneDelegate.swift */ = {isa = PBXFileReference; lastKnownFileType = sourcecode.swift; path = SceneDelegate.swift; sourceTree = "<group>"; };
		A8D8733F2617B9A600177CB5 /* ContentView.swift */ = {isa = PBXFileReference; lastKnownFileType = sourcecode.swift; path = ContentView.swift; sourceTree = "<group>"; };
		A8D873412617B9A800177CB5 /* Assets.xcassets */ = {isa = PBXFileReference; lastKnownFileType = folder.assetcatalog; path = Assets.xcassets; sourceTree = "<group>"; };
		A8D873442617B9A800177CB5 /* Preview Assets.xcassets */ = {isa = PBXFileReference; lastKnownFileType = folder.assetcatalog; path = "Preview Assets.xcassets"; sourceTree = "<group>"; };
		A8D873472617B9A800177CB5 /* Base */ = {isa = PBXFileReference; lastKnownFileType = file.storyboard; name = Base; path = Base.lproj/LaunchScreen.storyboard; sourceTree = "<group>"; };
		A8D873492617B9A800177CB5 /* Info.plist */ = {isa = PBXFileReference; lastKnownFileType = text.plist.xml; path = Info.plist; sourceTree = "<group>"; };
		A8D8734E2617B9A900177CB5 /* HelloTests.xctest */ = {isa = PBXFileReference; explicitFileType = wrapper.cfbundle; includeInIndex = 0; path = HelloTests.xctest; sourceTree = BUILT_PRODUCTS_DIR; };
		A8D873522617B9A900177CB5 /* HelloTests.swift */ = {isa = PBXFileReference; lastKnownFileType = sourcecode.swift; path = HelloTests.swift; sourceTree = "<group>"; };
		A8D873542617B9A900177CB5 /* Info.plist */ = {isa = PBXFileReference; lastKnownFileType = text.plist.xml; path = Info.plist; sourceTree = "<group>"; };
		A8D873592617B9A900177CB5 /* HelloUITests.xctest */ = {isa = PBXFileReference; explicitFileType = wrapper.cfbundle; includeInIndex = 0; path = HelloUITests.xctest; sourceTree = BUILT_PRODUCTS_DIR; };
		A8D8735D2617B9A900177CB5 /* HelloUITests.swift */ = {isa = PBXFileReference; lastKnownFileType = sourcecode.swift; path = HelloUITests.swift; sourceTree = "<group>"; };
		A8D8735F2617B9A900177CB5 /* Info.plist */ = {isa = PBXFileReference; lastKnownFileType = text.plist.xml; path = Info.plist; sourceTree = "<group>"; };
/* End PBXFileReference section */

/* Begin PBXFrameworksBuildPhase section */
		A8D873352617B9A500177CB5 /* Frameworks */ = {
			isa = PBXFrameworksBuildPhase;
			buildActionMask = 2147483647;
			files = (
			);
			runOnlyForDeploymentPostprocessing = 0;
		};
		A8D8734B2617B9A900177CB5 /* Frameworks */ = {
			isa = PBXFrameworksBuildPhase;
			buildActionMask = 2147483647;
			files = (
			);
			runOnlyForDeploymentPostprocessing = 0;
		};
		A8D873562617B9A900177CB5 /* Frameworks */ = {
			isa = PBXFrameworksBuildPhase;
			buildActionMask = 2147483647;
			files = (
			);
			runOnlyForDeploymentPostprocessing = 0;
		};
/* End PBXFrameworksBuildPhase section */

/* Begin PBXGroup section */
		A8D8732F2617B9A500177CB5 = {
			isa = PBXGroup;
			children = (
				A8D8733A2617B9A500177CB5 /* Hello */,
				A8D873512617B9A900177CB5 /* HelloTests */,
				A8D8735C2617B9A900177CB5 /* HelloUITests */,
				A8D873392617B9A500177CB5 /* Products */,
			);
			sourceTree = "<group>";
		};
		A8D873392617B9A500177CB5 /* Products */ = {
			isa = PBXGroup;
			children = (
				A8D873382617B9A500177CB5 /* Hello.app */,
				A8D8734E2617B9A900177CB5 /* HelloTests.xctest */,
				A8D873592617B9A900177CB5 /* HelloUITests.xctest */,
			);
			name = Products;
			sourceTree = "<group>";
		};
		A8D8733A2617B9A500177CB5 /* Hello */ = {
			isa = PBXGroup;
			children = (
				A8D8733B2617B9A500177CB5 /* AppDelegate.swift */,
				A8D8733D2617B9A500177CB5 /* SceneDelegate.swift */,
				A8D8733F2617B9A600177CB5 /* ContentView.swift */,
				A8D873412617B9A800177CB5 /* Assets.xcassets */,
				A8D873462617B9A800177CB5 /* LaunchScreen.storyboard */,
				A8D873492617B9A800177CB5 /* Info.plist */,
				A8D873432617B9A800177CB5 /* Preview Content */,
			);
			path = Hello;
			sourceTree = "<group>";
		};
		A8D873432617B9A800177CB5 /* Preview Content */ = {
			isa = PBXGroup;
			children = (
				A8D873442617B9A800177CB5 /* Preview Assets.xcassets */,
			);
			path = "Preview Content";
			sourceTree = "<group>";
		};
		A8D873512617B9A900177CB5 /* HelloTests */ = {
			isa = PBXGroup;
			children = (
				A8D873522617B9A900177CB5 /* HelloTests.swift */,
				A8D873542617B9A900177CB5 /* Info.plist */,
			);
			path = HelloTests;
			sourceTree = "<group>";
		};
		A8D8735C2617B9A900177CB5 /* HelloUITests */ = {
			isa = PBXGroup;
			children = (
				A8D8735D2617B9A900177CB5 /* HelloUITests.swift */,
				A8D8735F2617B9A900177CB5 /* Info.plist */,
			);
			path = HelloUITests;
			sourceTree = "<group>";
		};
/* End PBXGroup section */

/* Begin PBXNativeTarget section */
		A8D873372617B9A500177CB5 /* Hello */ = {
			isa = PBXNativeTarget;
			buildConfigurationList = A8D873622617B9A900177CB5 /* Build configuration list for PBXNativeTarget "Hello" */;
			buildPhases = (
				A8D873342617B9A500177CB5 /* Sources */,
				A8D873352617B9A500177CB5 /* Frameworks */,
				A8D873362617B9A500177CB5 /* Resources */,
			);
			buildRules = (
			);
			dependencies = (
			);
			name = Hello;
			productName = Hello;
			productReference = A8D873382617B9A500177CB5 /* Hello.app */;
			productType = "com.apple.product-type.application";
		};
		A8D8734D2617B9A900177CB5 /* HelloTests */ = {
			isa = PBXNativeTarget;
			buildConfigurationList = A8D873652617B9A900177CB5 /* Build configuration list for PBXNativeTarget "HelloTests" */;
			buildPhases = (
				A8D8734A2617B9A900177CB5 /* Sources */,
				A8D8734B2617B9A900177CB5 /* Frameworks */,
				A8D8734C2617B9A900177CB5 /* Resources */,
			);
			buildRules = (
			);
			dependencies = (
				A8D873502617B9A900177CB5 /* PBXTargetDependency */,
			);
			name = HelloTests;
			productName = HelloTests;
			productReference = A8D8734E2617B9A900177CB5 /* HelloTests.xctest */;
			productType = "com.apple.product-type.bundle.unit-test";
		};
		A8D873582617B9A900177CB5 /* HelloUITests */ = {
			isa = PBXNativeTarget;
			buildConfigurationList = A8D873682617B9A900177CB5 /* Build configuration list for PBXNativeTarget "HelloUITests" */;
			buildPhases = (
				A8D873552617B9A900177CB5 /* Sources */,
				A8D873562617B9A900177CB5 /* Frameworks */,
				A8D873572617B9A900177CB5 /* Resources */,
			);
			buildRules = (
			);
			dependencies = (
				A8D8735B2617B9A900177CB5 /* PBXTargetDependency */,
			);
			name = HelloUITests;
			productName = HelloUITests;
			productReference = A8D873592617B9A900177CB5 /* HelloUITests.xctest */;
			productType = "com.apple.product-type.bundle.ui-testing";
		};
/* End PBXNativeTarget section */

/* Begin PBXProject section */
		A8D873302617B9A500177CB5 /* Project object */ = {
			isa = PBXProject;
			attributes = {
				LastSwiftUpdateCheck = 1240;
				LastUpgradeCheck = 1240;
				TargetAttributes = {
					A8D873372617B9A500177CB5 = {
						CreatedOnToolsVersion = 12.4;
					};
					A8D8734D2617B9A900177CB5 = {
						CreatedOnToolsVersion = 12.4;
						TestTargetID = A8D873372617B9A500177CB5;
					};
					A8D873582617B9A900177CB5 = {
						CreatedOnToolsVersion = 12.4;
						TestTargetID = A8D873372617B9A500177CB5;
					};
				};
			};
			buildConfigurationList = A8D873332617B9A500177CB5 /* Build configuration list for PBXProject "Hello" */;
			compatibilityVersion = "Xcode 9.3";
			developmentRegion = en;
			hasScannedForEncodings = 0;
			knownRegions = (
				en,
				Base,
			);
			mainGroup = A8D8732F2617B9A500177CB5;
			productRefGroup = A8D873392617B9A500177CB5 /* Products */;
			projectDirPath = "";
			projectRoot = "";
			targets = (
				A8D873372617B9A500177CB5 /* Hello */,
				A8D8734D2617B9A900177CB5 /* HelloTests */,
				A8D873582617B9A900177CB5 /* HelloUITests */,
			);
		};
/* End PBXProject section */

/* Begin PBXResourcesBuildPhase section */
		A8D873362617B9A500177CB5 /* Resources */ = {
			isa = PBXResourcesBuildPhase;
			buildActionMask = 2147483647;
			files = (
				A8D873482617B9A800177CB5 /* LaunchScreen.storyboard in Resources */,
				A8D873452617B9A800177CB5 /* Preview Assets.xcassets in Resources */,
				A8D873422617B9A800177CB5 /* Assets.xcassets in Resources */,
			);
			runOnlyForDeploymentPostprocessing = 0;
		};
		A8D8734C2617B9A900177CB5 /* Resources */ = {
			isa = PBXResourcesBuildPhase;
			buildActionMask = 2147483647;
			files = (
			);
			runOnlyForDeploymentPostprocessing = 0;
		};
		A8D873572617B9A900177CB5 /* Resources */ = {
			isa = PBXResourcesBuildPhase;
			buildActionMask = 2147483647;
			files = (
			);
			runOnlyForDeploymentPostprocessing = 0;
		};
/* End PBXResourcesBuildPhase section */

/* Begin PBXSourcesBuildPhase section */
		A8D873342617B9A500177CB5 /* Sources */ = {
			isa = PBXSourcesBuildPhase;
			buildActionMask = 2147483647;
			files = (
				A8D8733C2617B9A500177CB5 /* AppDelegate.swift in Sources */,
				A8D8733E2617B9A500177CB5 /* SceneDelegate.swift in Sources */,
				A8D873402617B9A600177CB5 /* ContentView.swift in Sources */,
			);
			runOnlyForDeploymentPostprocessing = 0;
		};
		A8D8734A2617B9A900177CB5 /* Sources */ = {
			isa = PBXSourcesBuildPhase;
			buildActionMask = 2147483647;
			files = (
				A8D873532617B9A900177CB5 /* HelloTests.swift in Sources */,
			);
			runOnlyForDeploymentPostprocessing = 0;
		};
		A8D873552617B9A900177CB5 /* Sources */ = {
			isa = PBXSourcesBuildPhase;
			buildActionMask = 2147483647;
			files = (
				A8D8735E2617B9A900177CB5 /* HelloUITests.swift in Sources */,
			);
			runOnlyForDeploymentPostprocessing = 0;
		};
/* End PBXSourcesBuildPhase section */

/* Begin PBXTargetDependency section */
		A8D873502617B9A900177CB5 /* PBXTargetDependency */ = {
			isa = PBXTargetDependency;
			target = A8D873372617B9A500177CB5 /* Hello */;
			targetProxy = A8D8734F2617B9A900177CB5 /* PBXContainerItemProxy */;
		};
		A8D8735B2617B9A900177CB5 /* PBXTargetDependency */ = {
			isa = PBXTargetDependency;
			target = A8D873372617B9A500177CB5 /* Hello */;
			targetProxy = A8D8735A2617B9A900177CB5 /* PBXContainerItemProxy */;
		};
/* End PBXTargetDependency section */

/* Begin PBXVariantGroup section */
		A8D873462617B9A800177CB5 /* LaunchScreen.storyboard */ = {
			isa = PBXVariantGroup;
			children = (
				A8D873472617B9A800177CB5 /* Base */,
			);
			name = LaunchScreen.storyboard;
			sourceTree = "<group>";
		};
/* End PBXVariantGroup section */

/* Begin XCBuildConfiguration section */
		A8D873602617B9A900177CB5 /* Debug */ = {
			isa = XCBuildConfiguration;
			buildSettings = {
				ALWAYS_SEARCH_USER_PATHS = NO;
				CLANG_ANALYZER_NONNULL = YES;
				CLANG_ANALYZER_NUMBER_OBJECT_CONVERSION = YES_AGGRESSIVE;
				CLANG_CXX_LANGUAGE_STANDARD = "gnu++14";
				CLANG_CXX_LIBRARY = "libc++";
				CLANG_ENABLE_MODULES = YES;
				CLANG_ENABLE_OBJC_ARC = YES;
				CLANG_ENABLE_OBJC_WEAK = YES;
				CLANG_WARN_BLOCK_CAPTURE_AUTORELEASING = YES;
				CLANG_WARN_BOOL_CONVERSION = YES;
				CLANG_WARN_COMMA = YES;
				CLANG_WARN_CONSTANT_CONVERSION = YES;
				CLANG_WARN_DEPRECATED_OBJC_IMPLEMENTATIONS = YES;
				CLANG_WARN_DIRECT_OBJC_ISA_USAGE = YES_ERROR;
				CLANG_WARN_DOCUMENTATION_COMMENTS = YES;
				CLANG_WARN_EMPTY_BODY = YES;
				CLANG_WARN_ENUM_CONVERSION = YES;
				CLANG_WARN_INFINITE_RECURSION = YES;
				CLANG_WARN_INT_CONVERSION = YES;
				CLANG_WARN_NON_LITERAL_NULL_CONVERSION = YES;
				CLANG_WARN_OBJC_IMPLICIT_RETAIN_SELF = YES;
				CLANG_WARN_OBJC_LITERAL_CONVERSION = YES;
				CLANG_WARN_OBJC_ROOT_CLASS = YES_ERROR;
				CLANG_WARN_QUOTED_INCLUDE_IN_FRAMEWORK_HEADER = YES;
				CLANG_WARN_RANGE_LOOP_ANALYSIS = YES;
				CLANG_WARN_STRICT_PROTOTYPES = YES;
				CLANG_WARN_SUSPICIOUS_MOVE = YES;
				CLANG_WARN_UNGUARDED_AVAILABILITY = YES_AGGRESSIVE;
				CLANG_WARN_UNREACHABLE_CODE = YES;
				CLANG_WARN__DUPLICATE_METHOD_MATCH = YES;
				COPY_PHASE_STRIP = NO;
				DEBUG_INFORMATION_FORMAT = dwarf;
				ENABLE_STRICT_OBJC_MSGSEND = YES;
				ENABLE_TESTABILITY = YES;
				GCC_C_LANGUAGE_STANDARD = gnu11;
				GCC_DYNAMIC_NO_PIC = NO;
				GCC_NO_COMMON_BLOCKS = YES;
				GCC_OPTIMIZATION_LEVEL = 0;
				GCC_PREPROCESSOR_DEFINITIONS = (
					"DEBUG=1",
					"$(inherited)",
				);
				GCC_WARN_64_TO_32_BIT_CONVERSION = YES;
				GCC_WARN_ABOUT_RETURN_TYPE = YES_ERROR;
				GCC_WARN_UNDECLARED_SELECTOR = YES;
				GCC_WARN_UNINITIALIZED_AUTOS = YES_AGGRESSIVE;
				GCC_WARN_UNUSED_FUNCTION = YES;
				GCC_WARN_UNUSED_VARIABLE = YES;
				IPHONEOS_DEPLOYMENT_TARGET = 14.4;
				MTL_ENABLE_DEBUG_INFO = INCLUDE_SOURCE;
				MTL_FAST_MATH = YES;
				ONLY_ACTIVE_ARCH = YES;
				SDKROOT = iphoneos;
				SWIFT_ACTIVE_COMPILATION_CONDITIONS = DEBUG;
				SWIFT_OPTIMIZATION_LEVEL = "-Onone";
			};
			name = Debug;
		};
		A8D873612617B9A900177CB5 /* Release */ = {
			isa = XCBuildConfiguration;
			buildSettings = {
				ALWAYS_SEARCH_USER_PATHS = NO;
				CLANG_ANALYZER_NONNULL = YES;
				CLANG_ANALYZER_NUMBER_OBJECT_CONVERSION = YES_AGGRESSIVE;
				CLANG_CXX_LANGUAGE_STANDARD = "gnu++14";
				CLANG_CXX_LIBRARY = "libc++";
				CLANG_ENABLE_MODULES = YES;
				CLANG_ENABLE_OBJC_ARC = YES;
				CLANG_ENABLE_OBJC_WEAK = YES;
				CLANG_WARN_BLOCK_CAPTURE_AUTORELEASING = YES;
				CLANG_WARN_BOOL_CONVERSION = YES;
				CLANG_WARN_COMMA = YES;
				CLANG_WARN_CONSTANT_CONVERSION = YES;
				CLANG_WARN_DEPRECATED_OBJC_IMPLEMENTATIONS = YES;
				CLANG_WARN_DIRECT_OBJC_ISA_USAGE = YES_ERROR;
				CLANG_WARN_DOCUMENTATION_COMMENTS = YES;
				CLANG_WARN_EMPTY_BODY = YES;
				CLANG_WARN_ENUM_CONVERSION = YES;
				CLANG_WARN_INFINITE_RECURSION = YES;
				CLANG_WARN_INT_CONVERSION = YES;
				CLANG_WARN_NON_LITERAL_NULL_CONVERSION = YES;
				CLANG_WARN_OBJC_IMPLICIT_RETAIN_SELF = YES;
				CLANG_WARN_OBJC_LITERAL_CONVERSION = YES;
				CLANG_WARN_OBJC_ROOT_CLASS = YES_ERROR;
				CLANG_WARN_QUOTED_INCLUDE_IN_FRAMEWORK_HEADER = YES;
				CLANG_WARN_RANGE_LOOP_ANALYSIS = YES;
				CLANG_WARN_STRICT_PROTOTYPES = YES;
				CLANG_WARN_SUSPICIOUS_MOVE = YES;
				CLANG_WARN_UNGUARDED_AVAILABILITY = YES_AGGRESSIVE;
				CLANG_WARN_UNREACHABLE_CODE = YES;
				CLANG_WARN__DUPLICATE_METHOD_MATCH = YES;
				COPY_PHASE_STRIP = NO;
				DEBUG_INFORMATION_FORMAT = "dwarf-with-dsym";
				ENABLE_NS_ASSERTIONS = NO;
				ENABLE_STRICT_OBJC_MSGSEND = YES;
				GCC_C_LANGUAGE_STANDARD = gnu11;
				GCC_NO_COMMON_BLOCKS = YES;
				GCC_WARN_64_TO_32_BIT_CONVERSION = YES;
				GCC_WARN_ABOUT_RETURN_TYPE = YES_ERROR;
				GCC_WARN_UNDECLARED_SELECTOR = YES;
				GCC_WARN_UNINITIALIZED_AUTOS = YES_AGGRESSIVE;
				GCC_WARN_UNUSED_FUNCTION = YES;
				GCC_WARN_UNUSED_VARIABLE = YES;
				IPHONEOS_DEPLOYMENT_TARGET = 14.4;
				MTL_ENABLE_DEBUG_INFO = NO;
				MTL_FAST_MATH = YES;
				SDKROOT = iphoneos;
				SWIFT_COMPILATION_MODE = wholemodule;
				SWIFT_OPTIMIZATION_LEVEL = "-O";
				VALIDATE_PRODUCT = YES;
			};
			name = Release;
		};
		A8D873632617B9A900177CB5 /* Debug */ = {
			isa = XCBuildConfiguration;
			buildSettings = {
				ASSETCATALOG_COMPILER_APPICON_NAME = AppIcon;
				ASSETCATALOG_COMPILER_GLOBAL_ACCENT_COLOR_NAME = AccentColor;
				CODE_SIGN_STYLE = Automatic;
				DEVELOPMENT_ASSET_PATHS = "\"Hello/Preview Content\"";
				DEVELOPMENT_TEAM = FZ58BXF6ZP;
				ENABLE_PREVIEWS = YES;
				INFOPLIST_FILE = Hello/Info.plist;
				LD_RUNPATH_SEARCH_PATHS = (
					"$(inherited)",
					"@executable_path/Frameworks",
				);
				PRODUCT_BUNDLE_IDENTIFIER = Homework1.Hello;
				PRODUCT_NAME = "$(TARGET_NAME)";
				SWIFT_VERSION = 5.0;
				TARGETED_DEVICE_FAMILY = "1,2";
			};
			name = Debug;
		};
		A8D873642617B9A900177CB5 /* Release */ = {
			isa = XCBuildConfiguration;
			buildSettings = {
				ASSETCATALOG_COMPILER_APPICON_NAME = AppIcon;
				ASSETCATALOG_COMPILER_GLOBAL_ACCENT_COLOR_NAME = AccentColor;
				CODE_SIGN_STYLE = Automatic;
				DEVELOPMENT_ASSET_PATHS = "\"Hello/Preview Content\"";
				DEVELOPMENT_TEAM = FZ58BXF6ZP;
				ENABLE_PREVIEWS = YES;
				INFOPLIST_FILE = Hello/Info.plist;
				LD_RUNPATH_SEARCH_PATHS = (
					"$(inherited)",
					"@executable_path/Frameworks",
				);
				PRODUCT_BUNDLE_IDENTIFIER = Homework1.Hello;
				PRODUCT_NAME = "$(TARGET_NAME)";
				SWIFT_VERSION = 5.0;
				TARGETED_DEVICE_FAMILY = "1,2";
			};
			name = Release;
		};
		A8D873662617B9A900177CB5 /* Debug */ = {
			isa = XCBuildConfiguration;
			buildSettings = {
				ALWAYS_EMBED_SWIFT_STANDARD_LIBRARIES = YES;
				BUNDLE_LOADER = "$(TEST_HOST)";
				CODE_SIGN_STYLE = Automatic;
				DEVELOPMENT_TEAM = FZ58BXF6ZP;
				INFOPLIST_FILE = HelloTests/Info.plist;
				IPHONEOS_DEPLOYMENT_TARGET = 14.4;
				LD_RUNPATH_SEARCH_PATHS = (
					"$(inherited)",
					"@executable_path/Frameworks",
					"@loader_path/Frameworks",
				);
				PRODUCT_BUNDLE_IDENTIFIER = Homework1.HelloTests;
				PRODUCT_NAME = "$(TARGET_NAME)";
				SWIFT_VERSION = 5.0;
				TARGETED_DEVICE_FAMILY = "1,2";
				TEST_HOST = "$(BUILT_PRODUCTS_DIR)/Hello.app/Hello";
			};
			name = Debug;
		};
		A8D873672617B9A900177CB5 /* Release */ = {
			isa = XCBuildConfiguration;
			buildSettings = {
				ALWAYS_EMBED_SWIFT_STANDARD_LIBRARIES = YES;
				BUNDLE_LOADER = "$(TEST_HOST)";
				CODE_SIGN_STYLE = Automatic;
				DEVELOPMENT_TEAM = FZ58BXF6ZP;
				INFOPLIST_FILE = HelloTests/Info.plist;
				IPHONEOS_DEPLOYMENT_TARGET = 14.4;
				LD_RUNPATH_SEARCH_PATHS = (
					"$(inherited)",
					"@executable_path/Frameworks",
					"@loader_path/Frameworks",
				);
				PRODUCT_BUNDLE_IDENTIFIER = Homework1.HelloTests;
				PRODUCT_NAME = "$(TARGET_NAME)";
				SWIFT_VERSION = 5.0;
				TARGETED_DEVICE_FAMILY = "1,2";
				TEST_HOST = "$(BUILT_PRODUCTS_DIR)/Hello.app/Hello";
			};
			name = Release;
		};
		A8D873692617B9A900177CB5 /* Debug */ = {
			isa = XCBuildConfiguration;
			buildSettings = {
				ALWAYS_EMBED_SWIFT_STANDARD_LIBRARIES = YES;
				CODE_SIGN_STYLE = Automatic;
				DEVELOPMENT_TEAM = FZ58BXF6ZP;
				INFOPLIST_FILE = HelloUITests/Info.plist;
				LD_RUNPATH_SEARCH_PATHS = (
					"$(inherited)",
					"@executable_path/Frameworks",
					"@loader_path/Frameworks",
				);
				PRODUCT_BUNDLE_IDENTIFIER = Homework1.HelloUITests;
				PRODUCT_NAME = "$(TARGET_NAME)";
				SWIFT_VERSION = 5.0;
				TARGETED_DEVICE_FAMILY = "1,2";
				TEST_TARGET_NAME = Hello;
			};
			name = Debug;
		};
		A8D8736A2617B9A900177CB5 /* Release */ = {
			isa = XCBuildConfiguration;
			buildSettings = {
				ALWAYS_EMBED_SWIFT_STANDARD_LIBRARIES = YES;
				CODE_SIGN_STYLE = Automatic;
				DEVELOPMENT_TEAM = FZ58BXF6ZP;
				INFOPLIST_FILE = HelloUITests/Info.plist;
				LD_RUNPATH_SEARCH_PATHS = (
					"$(inherited)",
					"@executable_path/Frameworks",
					"@loader_path/Frameworks",
				);
				PRODUCT_BUNDLE_IDENTIFIER = Homework1.HelloUITests;
				PRODUCT_NAME = "$(TARGET_NAME)";
				SWIFT_VERSION = 5.0;
				TARGETED_DEVICE_FAMILY = "1,2";
				TEST_TARGET_NAME = Hello;
			};
			name = Release;
		};
/* End XCBuildConfiguration section */

/* Begin XCConfigurationList section */
		A8D873332617B9A500177CB5 /* Build configuration list for PBXProject "Hello" */ = {
			isa = XCConfigurationList;
			buildConfigurations = (
				A8D873602617B9A900177CB5 /* Debug */,
				A8D873612617B9A900177CB5 /* Release */,
			);
			defaultConfigurationIsVisible = 0;
			defaultConfigurationName = Release;
		};
		A8D873622617B9A900177CB5 /* Build configuration list for PBXNativeTarget "Hello" */ = {
			isa = XCConfigurationList;
			buildConfigurations = (
				A8D873632617B9A900177CB5 /* Debug */,
				A8D873642617B9A900177CB5 /* Release */,
			);
			defaultConfigurationIsVisible = 0;
			defaultConfigurationName = Release;
		};
		A8D873652617B9A900177CB5 /* Build configuration list for PBXNativeTarget "HelloTests" */ = {
			isa = XCConfigurationList;
			buildConfigurations = (
				A8D873662617B9A900177CB5 /* Debug */,
				A8D873672617B9A900177CB5 /* Release */,
			);
			defaultConfigurationIsVisible = 0;
			defaultConfigurationName = Release;
		};
		A8D873682617B9A900177CB5 /* Build configuration list for PBXNativeTarget "HelloUITests" */ = {
			isa = XCConfigurationList;
			buildConfigurations = (
				A8D873692617B9A900177CB5 /* Debug */,
				A8D8736A2617B9A900177CB5 /* Release */,
			);
			defaultConfigurationIsVisible = 0;
			defaultConfigurationName = Release;
		};
/* End XCConfigurationList section */
	};
	rootObject = A8D873302617B9A500177CB5 /* Project object */;
}
